
Microsoft Visual Studio Solution File, Format Version 12.00
# Visual Studio 15
VisualStudioVersion = 15.0.26730.16
MinimumVisualStudioVersion = 10.0.40219.1
Project("{FAE04EC0-301F-11D3-BF4B-00C04F79EFBC}") = "DecisionTree.Logic", "DecisionTree.Logic\DecisionTree.Logic.csproj", "{5ABC0831-4F9E-40BE-A62A-AB5F808FA636}"
EndProject
Project("{FAE04EC0-301F-11D3-BF4B-00C04F79EFBC}") = "DecisionTree.Logic.Tests", "DecisionTree.Logic.Tests\DecisionTree.Logic.Tests.csproj", "{358D5870-DE27-48FC-971E-2C6E72AFDF16}"
EndProject
Project("{FAE04EC0-301F-11D3-BF4B-00C04F79EFBC}") = "DecisionTree.Logic.IntegrationTests", "DecisionTree.Logic.IntegrationTests\DecisionTree.Logic.IntegrationTests.csproj", "{30D0DF3E-B307-4434-AC9B-FA0B4DDC81D2}"
EndProject
Global
	GlobalSection(SolutionConfigurationPlatforms) = preSolution
		Debug|Any CPU = Debug|Any CPU
		Release|Any CPU = Release|Any CPU
	EndGlobalSection
	GlobalSection(ProjectConfigurationPlatforms) = postSolution
		{5ABC0831-4F9E-40BE-A62A-AB5F808FA636}.Debug|Any CPU.ActiveCfg = Debug|Any CPU
		{5ABC0831-4F9E-40BE-A62A-AB5F808FA636}.Debug|Any CPU.Build.0 = Debug|Any CPU
		{5ABC0831-4F9E-40BE-A62A-AB5F808FA636}.Release|Any CPU.ActiveCfg = Release|Any CPU
		{5ABC0831-4F9E-40BE-A62A-AB5F808FA636}.Release|Any CPU.Build.0 = Release|Any CPU
		{358D5870-DE27-48FC-971E-2C6E72AFDF16}.Debug|Any CPU.ActiveCfg = Debug|Any CPU
		{358D5870-DE27-48FC-971E-2C6E72AFDF16}.Debug|Any CPU.Build.0 = Debug|Any CPU
		{358D5870-DE27-48FC-971E-2C6E72AFDF16}.Release|Any CPU.ActiveCfg = Release|Any CPU
		{358D5870-DE27-48FC-971E-2C6E72AFDF16}.Release|Any CPU.Build.0 = Release|Any CPU
		{30D0DF3E-B307-4434-AC9B-FA0B4DDC81D2}.Debug|Any CPU.ActiveCfg = Debug|Any CPU
		{30D0DF3E-B307-4434-AC9B-FA0B4DDC81D2}.Debug|Any CPU.Build.0 = Debug|Any CPU
		{30D0DF3E-B307-4434-AC9B-FA0B4DDC81D2}.Release|Any CPU.ActiveCfg = Release|Any CPU
		{30D0DF3E-B307-4434-AC9B-FA0B4DDC81D2}.Release|Any CPU.Build.0 = Release|Any CPU
	EndGlobalSection
	GlobalSection(SolutionProperties) = preSolution
		HideSolutionNode = FALSE
	EndGlobalSection
	GlobalSection(ExtensibilityGlobals) = postSolution
		SolutionGuid = {678B9AFA-C967-42C8-8476-60E298C15941}
	EndGlobalSection
EndGlobal
